
Microsoft Visual Studio Solution File, Format Version 12.00
# Visual Studio 15
VisualStudioVersion = 15.0.27703.2042
MinimumVisualStudioVersion = 10.0.40219.1
Project("{FAE04EC0-301F-11D3-BF4B-00C04F79EFBC}") = "VibeDrop.Android", "VibeDrop\VibeDrop.Android\VibeDrop.Android.csproj", "{D87DDD84-9D7E-40EA-A76F-F8C0B3DD8B0F}"
EndProject
Project("{FAE04EC0-301F-11D3-BF4B-00C04F79EFBC}") = "VibeDrop.iOS", "VibeDrop\VibeDrop.iOS\VibeDrop.iOS.csproj", "{24B75CED-B35D-4510-9D86-EC0A40A00C6E}"
EndProject
Project("{FAE04EC0-301F-11D3-BF4B-00C04F79EFBC}") = "VibeDrop", "VibeDrop\VibeDrop\VibeDrop.csproj", "{494A6032-4A81-4F84-B572-19924B009D33}"
EndProject
Global
	GlobalSection(SolutionConfigurationPlatforms) = preSolution
		Ad-Hoc|Any CPU = Ad-Hoc|Any CPU
		Ad-Hoc|iPhone = Ad-Hoc|iPhone
		Ad-Hoc|iPhoneSimulator = Ad-Hoc|iPhoneSimulator
		AppStore|Any CPU = AppStore|Any CPU
		AppStore|iPhone = AppStore|iPhone
		AppStore|iPhoneSimulator = AppStore|iPhoneSimulator
		Debug|Any CPU = Debug|Any CPU
		Debug|iPhone = Debug|iPhone
		Debug|iPhoneSimulator = Debug|iPhoneSimulator
		Release|Any CPU = Release|Any CPU
		Release|iPhone = Release|iPhone
		Release|iPhoneSimulator = Release|iPhoneSimulator
	EndGlobalSection
	GlobalSection(ProjectConfigurationPlatforms) = postSolution
		{D87DDD84-9D7E-40EA-A76F-F8C0B3DD8B0F}.Ad-Hoc|Any CPU.ActiveCfg = Release|Any CPU
		{D87DDD84-9D7E-40EA-A76F-F8C0B3DD8B0F}.Ad-Hoc|Any CPU.Build.0 = Release|Any CPU
		{D87DDD84-9D7E-40EA-A76F-F8C0B3DD8B0F}.Ad-Hoc|Any CPU.Deploy.0 = Release|Any CPU
		{D87DDD84-9D7E-40EA-A76F-F8C0B3DD8B0F}.Ad-Hoc|iPhone.ActiveCfg = Release|Any CPU
		{D87DDD84-9D7E-40EA-A76F-F8C0B3DD8B0F}.Ad-Hoc|iPhone.Build.0 = Release|Any CPU
		{D87DDD84-9D7E-40EA-A76F-F8C0B3DD8B0F}.Ad-Hoc|iPhone.Deploy.0 = Release|Any CPU
		{D87DDD84-9D7E-40EA-A76F-F8C0B3DD8B0F}.Ad-Hoc|iPhoneSimulator.ActiveCfg = Release|Any CPU
		{D87DDD84-9D7E-40EA-A76F-F8C0B3DD8B0F}.Ad-Hoc|iPhoneSimulator.Build.0 = Release|Any CPU
		{D87DDD84-9D7E-40EA-A76F-F8C0B3DD8B0F}.Ad-Hoc|iPhoneSimulator.Deploy.0 = Release|Any CPU
		{D87DDD84-9D7E-40EA-A76F-F8C0B3DD8B0F}.AppStore|Any CPU.ActiveCfg = Release|Any CPU
		{D87DDD84-9D7E-40EA-A76F-F8C0B3DD8B0F}.AppStore|Any CPU.Build.0 = Release|Any CPU
		{D87DDD84-9D7E-40EA-A76F-F8C0B3DD8B0F}.AppStore|Any CPU.Deploy.0 = Release|Any CPU
		{D87DDD84-9D7E-40EA-A76F-F8C0B3DD8B0F}.AppStore|iPhone.ActiveCfg = Release|Any CPU
		{D87DDD84-9D7E-40EA-A76F-F8C0B3DD8B0F}.AppStore|iPhone.Build.0 = Release|Any CPU
		{D87DDD84-9D7E-40EA-A76F-F8C0B3DD8B0F}.AppStore|iPhone.Deploy.0 = Release|Any CPU
		{D87DDD84-9D7E-40EA-A76F-F8C0B3DD8B0F}.AppStore|iPhoneSimulator.ActiveCfg = Release|Any CPU
		{D87DDD84-9D7E-40EA-A76F-F8C0B3DD8B0F}.AppStore|iPhoneSimulator.Build.0 = Release|Any CPU
		{D87DDD84-9D7E-40EA-A76F-F8C0B3DD8B0F}.AppStore|iPhoneSimulator.Deploy.0 = Release|Any CPU
		{D87DDD84-9D7E-40EA-A76F-F8C0B3DD8B0F}.Debug|Any CPU.ActiveCfg = Debug|Any CPU
		{D87DDD84-9D7E-40EA-A76F-F8C0B3DD8B0F}.Debug|Any CPU.Build.0 = Debug|Any CPU
		{D87DDD84-9D7E-40EA-A76F-F8C0B3DD8B0F}.Debug|Any CPU.Deploy.0 = Debug|Any CPU
		{D87DDD84-9D7E-40EA-A76F-F8C0B3DD8B0F}.Debug|iPhone.ActiveCfg = Debug|Any CPU
		{D87DDD84-9D7E-40EA-A76F-F8C0B3DD8B0F}.Debug|iPhone.Build.0 = Debug|Any CPU
		{D87DDD84-9D7E-40EA-A76F-F8C0B3DD8B0F}.Debug|iPhone.Deploy.0 = Debug|Any CPU
		{D87DDD84-9D7E-40EA-A76F-F8C0B3DD8B0F}.Debug|iPhoneSimulator.ActiveCfg = Debug|Any CPU
		{D87DDD84-9D7E-40EA-A76F-F8C0B3DD8B0F}.Debug|iPhoneSimulator.Build.0 = Debug|Any CPU
		{D87DDD84-9D7E-40EA-A76F-F8C0B3DD8B0F}.Debug|iPhoneSimulator.Deploy.0 = Debug|Any CPU
		{D87DDD84-9D7E-40EA-A76F-F8C0B3DD8B0F}.Release|Any CPU.ActiveCfg = Release|Any CPU
		{D87DDD84-9D7E-40EA-A76F-F8C0B3DD8B0F}.Release|Any CPU.Build.0 = Release|Any CPU
		{D87DDD84-9D7E-40EA-A76F-F8C0B3DD8B0F}.Release|Any CPU.Deploy.0 = Release|Any CPU
		{D87DDD84-9D7E-40EA-A76F-F8C0B3DD8B0F}.Release|iPhone.ActiveCfg = Release|Any CPU
		{D87DDD84-9D7E-40EA-A76F-F8C0B3DD8B0F}.Release|iPhone.Build.0 = Release|Any CPU
		{D87DDD84-9D7E-40EA-A76F-F8C0B3DD8B0F}.Release|iPhone.Deploy.0 = Release|Any CPU
		{D87DDD84-9D7E-40EA-A76F-F8C0B3DD8B0F}.Release|iPhoneSimulator.ActiveCfg = Release|Any CPU
		{D87DDD84-9D7E-40EA-A76F-F8C0B3DD8B0F}.Release|iPhoneSimulator.Build.0 = Release|Any CPU
		{D87DDD84-9D7E-40EA-A76F-F8C0B3DD8B0F}.Release|iPhoneSimulator.Deploy.0 = Release|Any CPU
		{24B75CED-B35D-4510-9D86-EC0A40A00C6E}.Ad-Hoc|Any CPU.ActiveCfg = Ad-Hoc|iPhone
		{24B75CED-B35D-4510-9D86-EC0A40A00C6E}.Ad-Hoc|Any CPU.Build.0 = Ad-Hoc|iPhone
		{24B75CED-B35D-4510-9D86-EC0A40A00C6E}.Ad-Hoc|Any CPU.Deploy.0 = Ad-Hoc|iPhone
		{24B75CED-B35D-4510-9D86-EC0A40A00C6E}.Ad-Hoc|iPhone.ActiveCfg = Ad-Hoc|iPhone
		{24B75CED-B35D-4510-9D86-EC0A40A00C6E}.Ad-Hoc|iPhone.Build.0 = Ad-Hoc|iPhone
		{24B75CED-B35D-4510-9D86-EC0A40A00C6E}.Ad-Hoc|iPhone.Deploy.0 = Ad-Hoc|iPhone
		{24B75CED-B35D-4510-9D86-EC0A40A00C6E}.Ad-Hoc|iPhoneSimulator.ActiveCfg = Ad-Hoc|iPhoneSimulator
		{24B75CED-B35D-4510-9D86-EC0A40A00C6E}.Ad-Hoc|iPhoneSimulator.Build.0 = Ad-Hoc|iPhoneSimulator
		{24B75CED-B35D-4510-9D86-EC0A40A00C6E}.Ad-Hoc|iPhoneSimulator.Deploy.0 = Ad-Hoc|iPhoneSimulator
		{24B75CED-B35D-4510-9D86-EC0A40A00C6E}.AppStore|Any CPU.ActiveCfg = AppStore|iPhone
		{24B75CED-B35D-4510-9D86-EC0A40A00C6E}.AppStore|Any CPU.Build.0 = AppStore|iPhone
		{24B75CED-B35D-4510-9D86-EC0A40A00C6E}.AppStore|Any CPU.Deploy.0 = AppStore|iPhone
		{24B75CED-B35D-4510-9D86-EC0A40A00C6E}.AppStore|iPhone.ActiveCfg = AppStore|iPhone
		{24B75CED-B35D-4510-9D86-EC0A40A00C6E}.AppStore|iPhone.Build.0 = AppStore|iPhone
		{24B75CED-B35D-4510-9D86-EC0A40A00C6E}.AppStore|iPhone.Deploy.0 = AppStore|iPhone
		{24B75CED-B35D-4510-9D86-EC0A40A00C6E}.AppStore|iPhoneSimulator.ActiveCfg = AppStore|iPhoneSimulator
		{24B75CED-B35D-4510-9D86-EC0A40A00C6E}.AppStore|iPhoneSimulator.Build.0 = AppStore|iPhoneSimulator
		{24B75CED-B35D-4510-9D86-EC0A40A00C6E}.AppStore|iPhoneSimulator.Deploy.0 = AppStore|iPhoneSimulator
		{24B75CED-B35D-4510-9D86-EC0A40A00C6E}.Debug|Any CPU.ActiveCfg = Debug|iPhoneSimulator
		{24B75CED-B35D-4510-9D86-EC0A40A00C6E}.Debug|Any CPU.Build.0 = Debug|iPhoneSimulator
		{24B75CED-B35D-4510-9D86-EC0A40A00C6E}.Debug|Any CPU.Deploy.0 = Debug|iPhoneSimulator
		{24B75CED-B35D-4510-9D86-EC0A40A00C6E}.Debug|iPhone.ActiveCfg = Debug|iPhone
		{24B75CED-B35D-4510-9D86-EC0A40A00C6E}.Debug|iPhone.Build.0 = Debug|iPhone
		{24B75CED-B35D-4510-9D86-EC0A40A00C6E}.Debug|iPhone.Deploy.0 = Debug|iPhone
		{24B75CED-B35D-4510-9D86-EC0A40A00C6E}.Debug|iPhoneSimulator.ActiveCfg = Debug|iPhoneSimulator
		{24B75CED-B35D-4510-9D86-EC0A40A00C6E}.Debug|iPhoneSimulator.Build.0 = Debug|iPhoneSimulator
		{24B75CED-B35D-4510-9D86-EC0A40A00C6E}.Debug|iPhoneSimulator.Deploy.0 = Debug|iPhoneSimulator
		{24B75CED-B35D-4510-9D86-EC0A40A00C6E}.Release|Any CPU.ActiveCfg = Release|iPhone
		{24B75CED-B35D-4510-9D86-EC0A40A00C6E}.Release|Any CPU.Build.0 = Release|iPhone
		{24B75CED-B35D-4510-9D86-EC0A40A00C6E}.Release|Any CPU.Deploy.0 = Release|iPhone
		{24B75CED-B35D-4510-9D86-EC0A40A00C6E}.Release|iPhone.ActiveCfg = Release|iPhone
		{24B75CED-B35D-4510-9D86-EC0A40A00C6E}.Release|iPhone.Build.0 = Release|iPhone
		{24B75CED-B35D-4510-9D86-EC0A40A00C6E}.Release|iPhone.Deploy.0 = Release|iPhone
		{24B75CED-B35D-4510-9D86-EC0A40A00C6E}.Release|iPhoneSimulator.ActiveCfg = Release|iPhoneSimulator
		{24B75CED-B35D-4510-9D86-EC0A40A00C6E}.Release|iPhoneSimulator.Build.0 = Release|iPhoneSimulator
		{24B75CED-B35D-4510-9D86-EC0A40A00C6E}.Release|iPhoneSimulator.Deploy.0 = Release|iPhoneSimulator
		{494A6032-4A81-4F84-B572-19924B009D33}.Ad-Hoc|Any CPU.ActiveCfg = Debug|Any CPU
		{494A6032-4A81-4F84-B572-19924B009D33}.Ad-Hoc|Any CPU.Build.0 = Debug|Any CPU
		{494A6032-4A81-4F84-B572-19924B009D33}.Ad-Hoc|Any CPU.Deploy.0 = Debug|Any CPU
		{494A6032-4A81-4F84-B572-19924B009D33}.Ad-Hoc|iPhone.ActiveCfg = Debug|Any CPU
		{494A6032-4A81-4F84-B572-19924B009D33}.Ad-Hoc|iPhone.Build.0 = Debug|Any CPU
		{494A6032-4A81-4F84-B572-19924B009D33}.Ad-Hoc|iPhone.Deploy.0 = Debug|Any CPU
		{494A6032-4A81-4F84-B572-19924B009D33}.Ad-Hoc|iPhoneSimulator.ActiveCfg = Debug|Any CPU
		{494A6032-4A81-4F84-B572-19924B009D33}.Ad-Hoc|iPhoneSimulator.Build.0 = Debug|Any CPU
		{494A6032-4A81-4F84-B572-19924B009D33}.Ad-Hoc|iPhoneSimulator.Deploy.0 = Debug|Any CPU
		{494A6032-4A81-4F84-B572-19924B009D33}.AppStore|Any CPU.ActiveCfg = Debug|Any CPU
		{494A6032-4A81-4F84-B572-19924B009D33}.AppStore|Any CPU.Build.0 = Debug|Any CPU
		{494A6032-4A81-4F84-B572-19924B009D33}.AppStore|Any CPU.Deploy.0 = Debug|Any CPU
		{494A6032-4A81-4F84-B572-19924B009D33}.AppStore|iPhone.ActiveCfg = Debug|Any CPU
		{494A6032-4A81-4F84-B572-19924B009D33}.AppStore|iPhone.Build.0 = Debug|Any CPU
		{494A6032-4A81-4F84-B572-19924B009D33}.AppStore|iPhone.Deploy.0 = Debug|Any CPU
		{494A6032-4A81-4F84-B572-19924B009D33}.AppStore|iPhoneSimulator.ActiveCfg = Debug|Any CPU
		{494A6032-4A81-4F84-B572-19924B009D33}.AppStore|iPhoneSimulator.Build.0 = Debug|Any CPU
		{494A6032-4A81-4F84-B572-19924B009D33}.AppStore|iPhoneSimulator.Deploy.0 = Debug|Any CPU
		{494A6032-4A81-4F84-B572-19924B009D33}.Debug|Any CPU.ActiveCfg = Debug|Any CPU
		{494A6032-4A81-4F84-B572-19924B009D33}.Debug|Any CPU.Build.0 = Debug|Any CPU
		{494A6032-4A81-4F84-B572-19924B009D33}.Debug|Any CPU.Deploy.0 = Debug|Any CPU
		{494A6032-4A81-4F84-B572-19924B009D33}.Debug|iPhone.ActiveCfg = Debug|Any CPU
		{494A6032-4A81-4F84-B572-19924B009D33}.Debug|iPhone.Build.0 = Debug|Any CPU
		{494A6032-4A81-4F84-B572-19924B009D33}.Debug|iPhone.Deploy.0 = Debug|Any CPU
		{494A6032-4A81-4F84-B572-19924B009D33}.Debug|iPhoneSimulator.ActiveCfg = Debug|Any CPU
		{494A6032-4A81-4F84-B572-19924B009D33}.Debug|iPhoneSimulator.Build.0 = Debug|Any CPU
		{494A6032-4A81-4F84-B572-19924B009D33}.Debug|iPhoneSimulator.Deploy.0 = Debug|Any CPU
		{494A6032-4A81-4F84-B572-19924B009D33}.Release|Any CPU.ActiveCfg = Release|Any CPU
		{494A6032-4A81-4F84-B572-19924B009D33}.Release|Any CPU.Build.0 = Release|Any CPU
		{494A6032-4A81-4F84-B572-19924B009D33}.Release|Any CPU.Deploy.0 = Release|Any CPU
		{494A6032-4A81-4F84-B572-19924B009D33}.Release|iPhone.ActiveCfg = Release|Any CPU
		{494A6032-4A81-4F84-B572-19924B009D33}.Release|iPhone.Build.0 = Release|Any CPU
		{494A6032-4A81-4F84-B572-19924B009D33}.Release|iPhone.Deploy.0 = Release|Any CPU
		{494A6032-4A81-4F84-B572-19924B009D33}.Release|iPhoneSimulator.ActiveCfg = Release|Any CPU
		{494A6032-4A81-4F84-B572-19924B009D33}.Release|iPhoneSimulator.Build.0 = Release|Any CPU
		{494A6032-4A81-4F84-B572-19924B009D33}.Release|iPhoneSimulator.Deploy.0 = Release|Any CPU
	EndGlobalSection
	GlobalSection(SolutionProperties) = preSolution
		HideSolutionNode = FALSE
	EndGlobalSection
	GlobalSection(ExtensibilityGlobals) = postSolution
		SolutionGuid = {F96E5017-7C53-4BBD-B111-F99EFD030C8E}
	EndGlobalSection
EndGlobal
